// !$*UTF8*$!
{
	archiveVersion = 1;
	classes = {
	};
	objectVersion = 50;
	objects = {

/* Begin PBXBuildFile section */
		B975C3562339AADA00D8D041 /* AppDelegate.swift in Sources */ = {isa = PBXBuildFile; fileRef = B975C3552339AADA00D8D041 /* AppDelegate.swift */; };
		B975C3582339AADA00D8D041 /* SceneDelegate.swift in Sources */ = {isa = PBXBuildFile; fileRef = B975C3572339AADA00D8D041 /* SceneDelegate.swift */; };
		B975C35A2339AADA00D8D041 /* ViewController.swift in Sources */ = {isa = PBXBuildFile; fileRef = B975C3592339AADA00D8D041 /* ViewController.swift */; };
		B975C35D2339AADA00D8D041 /* Main.storyboard in Resources */ = {isa = PBXBuildFile; fileRef = B975C35B2339AADA00D8D041 /* Main.storyboard */; };
		B975C35F2339AADB00D8D041 /* Assets.xcassets in Resources */ = {isa = PBXBuildFile; fileRef = B975C35E2339AADB00D8D041 /* Assets.xcassets */; };
		B975C3622339AADB00D8D041 /* LaunchScreen.storyboard in Resources */ = {isa = PBXBuildFile; fileRef = B975C3602339AADB00D8D041 /* LaunchScreen.storyboard */; };
/* End PBXBuildFile section */

/* Begin PBXFileReference section */
		B975C3522339AADA00D8D041 /* SearchControllerTest.app */ = {isa = PBXFileReference; explicitFileType = wrapper.application; includeInIndex = 0; path = SearchControllerTest.app; sourceTree = BUILT_PRODUCTS_DIR; };
		B975C3552339AADA00D8D041 /* AppDelegate.swift */ = {isa = PBXFileReference; lastKnownFileType = sourcecode.swift; path = AppDelegate.swift; sourceTree = "<group>"; };
		B975C3572339AADA00D8D041 /* SceneDelegate.swift */ = {isa = PBXFileReference; lastKnownFileType = sourcecode.swift; path = SceneDelegate.swift; sourceTree = "<group>"; };
		B975C3592339AADA00D8D041 /* ViewController.swift */ = {isa = PBXFileReference; lastKnownFileType = sourcecode.swift; path = ViewController.swift; sourceTree = "<group>"; };
		B975C35C2339AADA00D8D041 /* Base */ = {isa = PBXFileReference; lastKnownFileType = file.storyboard; name = Base; path = Base.lproj/Main.storyboard; sourceTree = "<group>"; };
		B975C35E2339AADB00D8D041 /* Assets.xcassets */ = {isa = PBXFileReference; lastKnownFileType = folder.assetcatalog; path = Assets.xcassets; sourceTree = "<group>"; };
		B975C3612339AADB00D8D041 /* Base */ = {isa = PBXFileReference; lastKnownFileType = file.storyboard; name = Base; path = Base.lproj/LaunchScreen.storyboard; sourceTree = "<group>"; };
		B975C3632339AADB00D8D041 /* Info.plist */ = {isa = PBXFileReference; lastKnownFileType = text.plist.xml; path = Info.plist; sourceTree = "<group>"; };
/* End PBXFileReference section */

/* Begin PBXFrameworksBuildPhase section */
		B975C34F2339AADA00D8D041 /* Frameworks */ = {
			isa = PBXFrameworksBuildPhase;
			buildActionMask = 2147483647;
			files = (
			);
			runOnlyForDeploymentPostprocessing = 0;
		};
/* End PBXFrameworksBuildPhase section */

/* Begin PBXGroup section */
		B975C3492339AADA00D8D041 = {
			isa = PBXGroup;
			children = (
				B975C3542339AADA00D8D041 /* SearchControllerTest */,
				B975C3532339AADA00D8D041 /* Products */,
			);
			sourceTree = "<group>";
		};
		B975C3532339AADA00D8D041 /* Products */ = {
			isa = PBXGroup;
			children = (
				B975C3522339AADA00D8D041 /* SearchControllerTest.app */,
			);
			name = Products;
			sourceTree = "<group>";
		};
		B975C3542339AADA00D8D041 /* SearchControllerTest */ = {
			isa = PBXGroup;
			children = (
				B975C3552339AADA00D8D041 /* AppDelegate.swift */,
				B975C3572339AADA00D8D041 /* SceneDelegate.swift */,
				B975C3592339AADA00D8D041 /* ViewController.swift */,
				B975C35B2339AADA00D8D041 /* Main.storyboard */,
				B975C35E2339AADB00D8D041 /* Assets.xcassets */,
				B975C3602339AADB00D8D041 /* LaunchScreen.storyboard */,
				B975C3632339AADB00D8D041 /* Info.plist */,
			);
			path = SearchControllerTest;
			sourceTree = "<group>";
		};
/* End PBXGroup section */

/* Begin PBXNativeTarget section */
		B975C3512339AADA00D8D041 /* SearchControllerTest */ = {
			isa = PBXNativeTarget;
			buildConfigurationList = B975C3662339AADB00D8D041 /* Build configuration list for PBXNativeTarget "SearchControllerTest" */;
			buildPhases = (
				B975C34E2339AADA00D8D041 /* Sources */,
				B975C34F2339AADA00D8D041 /* Frameworks */,
				B975C3502339AADA00D8D041 /* Resources */,
			);
			buildRules = (
			);
			dependencies = (
			);
			name = SearchControllerTest;
			productName = SearchControllerTest;
			productReference = B975C3522339AADA00D8D041 /* SearchControllerTest.app */;
			productType = "com.apple.product-type.application";
		};
/* End PBXNativeTarget section */

/* Begin PBXProject section */
		B975C34A2339AADA00D8D041 /* Project object */ = {
			isa = PBXProject;
			attributes = {
				LastSwiftUpdateCheck = 1100;
				LastUpgradeCheck = 1100;
				ORGANIZATIONNAME = "Bluegrass Guru, LLC";
				TargetAttributes = {
					B975C3512339AADA00D8D041 = {
						CreatedOnToolsVersion = 11.0;
					};
				};
			};
			buildConfigurationList = B975C34D2339AADA00D8D041 /* Build configuration list for PBXProject "SearchControllerTest" */;
			compatibilityVersion = "Xcode 9.3";
			developmentRegion = en;
			hasScannedForEncodings = 0;
			knownRegions = (
				en,
				Base,
			);
			mainGroup = B975C3492339AADA00D8D041;
			productRefGroup = B975C3532339AADA00D8D041 /* Products */;
			projectDirPath = "";
			projectRoot = "";
			targets = (
				B975C3512339AADA00D8D041 /* SearchControllerTest */,
			);
		};
/* End PBXProject section */

/* Begin PBXResourcesBuildPhase section */
		B975C3502339AADA00D8D041 /* Resources */ = {
			isa = PBXResourcesBuildPhase;
			buildActionMask = 2147483647;
			files = (
				B975C3622339AADB00D8D041 /* LaunchScreen.storyboard in Resources */,
				B975C35F2339AADB00D8D041 /* Assets.xcassets in Resources */,
				B975C35D2339AADA00D8D041 /* Main.storyboard in Resources */,
			);
			runOnlyForDeploymentPostprocessing = 0;
		};
/* End PBXResourcesBuildPhase section */

/* Begin PBXSourcesBuildPhase section */
		B975C34E2339AADA00D8D041 /* Sources */ = {
			isa = PBXSourcesBuildPhase;
			buildActionMask = 2147483647;
			files = (
				B975C35A2339AADA00D8D041 /* ViewController.swift in Sources */,
				B975C3562339AADA00D8D041 /* AppDelegate.swift in Sources */,
				B975C3582339AADA00D8D041 /* SceneDelegate.swift in Sources */,
			);
			runOnlyForDeploymentPostprocessing = 0;
		};
/* End PBXSourcesBuildPhase section */

/* Begin PBXVariantGroup section */
		B975C35B2339AADA00D8D041 /* Main.storyboard */ = {
			isa = PBXVariantGroup;
			children = (
				B975C35C2339AADA00D8D041 /* Base */,
			);
			name = Main.storyboard;
			sourceTree = "<group>";
		};
		B975C3602339AADB00D8D041 /* LaunchScreen.storyboard */ = {
			isa = PBXVariantGroup;
			children = (
				B975C3612339AADB00D8D041 /* Base */,
			);
			name = LaunchScreen.storyboard;
			sourceTree = "<group>";
		};
/* End PBXVariantGroup section */

/* Begin XCBuildConfiguration section */
		B975C3642339AADB00D8D041 /* Debug */ = {
			isa = XCBuildConfiguration;
			buildSettings = {
				ALWAYS_SEARCH_USER_PATHS = NO;
				CLANG_ANALYZER_NONNULL = YES;
				CLANG_ANALYZER_NUMBER_OBJECT_CONVERSION = YES_AGGRESSIVE;
				CLANG_CXX_LANGUAGE_STANDARD = "gnu++14";
				CLANG_CXX_LIBRARY = "libc++";
				CLANG_ENABLE_MODULES = YES;
				CLANG_ENABLE_OBJC_ARC = YES;
				CLANG_ENABLE_OBJC_WEAK = YES;
				CLANG_WARN_BLOCK_CAPTURE_AUTORELEASING = YES;
				CLANG_WARN_BOOL_CONVERSION = YES;
				CLANG_WARN_COMMA = YES;
				CLANG_WARN_CONSTANT_CONVERSION = YES;
				CLANG_WARN_DEPRECATED_OBJC_IMPLEMENTATIONS = YES;
				CLANG_WARN_DIRECT_OBJC_ISA_USAGE = YES_ERROR;
				CLANG_WARN_DOCUMENTATION_COMMENTS = YES;
				CLANG_WARN_EMPTY_BODY = YES;
				CLANG_WARN_ENUM_CONVERSION = YES;
				CLANG_WARN_INFINITE_RECURSION = YES;
				CLANG_WARN_INT_CONVERSION = YES;
				CLANG_WARN_NON_LITERAL_NULL_CONVERSION = YES;
				CLANG_WARN_OBJC_IMPLICIT_RETAIN_SELF = YES;
				CLANG_WARN_OBJC_LITERAL_CONVERSION = YES;
				CLANG_WARN_OBJC_ROOT_CLASS = YES_ERROR;
				CLANG_WARN_RANGE_LOOP_ANALYSIS = YES;
				CLANG_WARN_STRICT_PROTOTYPES = YES;
				CLANG_WARN_SUSPICIOUS_MOVE = YES;
				CLANG_WARN_UNGUARDED_AVAILABILITY = YES_AGGRESSIVE;
				CLANG_WARN_UNREACHABLE_CODE = YES;
				CLANG_WARN__DUPLICATE_METHOD_MATCH = YES;
				COPY_PHASE_STRIP = NO;
				DEBUG_INFORMATION_FORMAT = dwarf;
				ENABLE_STRICT_OBJC_MSGSEND = YES;
				ENABLE_TESTABILITY = YES;
				GCC_C_LANGUAGE_STANDARD = gnu11;
				GCC_DYNAMIC_NO_PIC = NO;
				GCC_NO_COMMON_BLOCKS = YES;
				GCC_OPTIMIZATION_LEVEL = 0;
				GCC_PREPROCESSOR_DEFINITIONS = (
					"DEBUG=1",
					"$(inherited)",
				);
				GCC_WARN_64_TO_32_BIT_CONVERSION = YES;
				GCC_WARN_ABOUT_RETURN_TYPE = YES_ERROR;
				GCC_WARN_UNDECLARED_SELECTOR = YES;
				GCC_WARN_UNINITIALIZED_AUTOS = YES_AGGRESSIVE;
				GCC_WARN_UNUSED_FUNCTION = YES;
				GCC_WARN_UNUSED_VARIABLE = YES;
				IPHONEOS_DEPLOYMENT_TARGET = 13.0;
				MTL_ENABLE_DEBUG_INFO = INCLUDE_SOURCE;
				MTL_FAST_MATH = YES;
				ONLY_ACTIVE_ARCH = YES;
				SDKROOT = iphoneos;
				SWIFT_ACTIVE_COMPILATION_CONDITIONS = DEBUG;
				SWIFT_OPTIMIZATION_LEVEL = "-Onone";
			};
			name = Debug;
		};
		B975C3652339AADB00D8D041 /* Release */ = {
			isa = XCBuildConfiguration;
			buildSettings = {
				ALWAYS_SEARCH_USER_PATHS = NO;
				CLANG_ANALYZER_NONNULL = YES;
				CLANG_ANALYZER_NUMBER_OBJECT_CONVERSION = YES_AGGRESSIVE;
				CLANG_CXX_LANGUAGE_STANDARD = "gnu++14";
				CLANG_CXX_LIBRARY = "libc++";
				CLANG_ENABLE_MODULES = YES;
				CLANG_ENABLE_OBJC_ARC = YES;
				CLANG_ENABLE_OBJC_WEAK = YES;
				CLANG_WARN_BLOCK_CAPTURE_AUTORELEASING = YES;
				CLANG_WARN_BOOL_CONVERSION = YES;
				CLANG_WARN_COMMA = YES;
				CLANG_WARN_CONSTANT_CONVERSION = YES;
				CLANG_WARN_DEPRECATED_OBJC_IMPLEMENTATIONS = YES;
				CLANG_WARN_DIRECT_OBJC_ISA_USAGE = YES_ERROR;
				CLANG_WARN_DOCUMENTATION_COMMENTS = YES;
				CLANG_WARN_EMPTY_BODY = YES;
				CLANG_WARN_ENUM_CONVERSION = YES;
				CLANG_WARN_INFINITE_RECURSION = YES;
				CLANG_WARN_INT_CONVERSION = YES;
				CLANG_WARN_NON_LITERAL_NULL_CONVERSION = YES;
				CLANG_WARN_OBJC_IMPLICIT_RETAIN_SELF = YES;
				CLANG_WARN_OBJC_LITERAL_CONVERSION = YES;
				CLANG_WARN_OBJC_ROOT_CLASS = YES_ERROR;
				CLANG_WARN_RANGE_LOOP_ANALYSIS = YES;
				CLANG_WARN_STRICT_PROTOTYPES = YES;
				CLANG_WARN_SUSPICIOUS_MOVE = YES;
				CLANG_WARN_UNGUARDED_AVAILABILITY = YES_AGGRESSIVE;
				CLANG_WARN_UNREACHABLE_CODE = YES;
				CLANG_WARN__DUPLICATE_METHOD_MATCH = YES;
				COPY_PHASE_STRIP = NO;
				DEBUG_INFORMATION_FORMAT = "dwarf-with-dsym";
				ENABLE_NS_ASSERTIONS = NO;
				ENABLE_STRICT_OBJC_MSGSEND = YES;
				GCC_C_LANGUAGE_STANDARD = gnu11;
				GCC_NO_COMMON_BLOCKS = YES;
				GCC_WARN_64_TO_32_BIT_CONVERSION = YES;
				GCC_WARN_ABOUT_RETURN_TYPE = YES_ERROR;
				GCC_WARN_UNDECLARED_SELECTOR = YES;
				GCC_WARN_UNINITIALIZED_AUTOS = YES_AGGRESSIVE;
				GCC_WARN_UNUSED_FUNCTION = YES;
				GCC_WARN_UNUSED_VARIABLE = YES;
				IPHONEOS_DEPLOYMENT_TARGET = 13.0;
				MTL_ENABLE_DEBUG_INFO = NO;
				MTL_FAST_MATH = YES;
				SDKROOT = iphoneos;
				SWIFT_COMPILATION_MODE = wholemodule;
				SWIFT_OPTIMIZATION_LEVEL = "-O";
				VALIDATE_PRODUCT = YES;
			};
			name = Release;
		};
		B975C3672339AADB00D8D041 /* Debug */ = {
			isa = XCBuildConfiguration;
			buildSettings = {
				ASSETCATALOG_COMPILER_APPICON_NAME = AppIcon;
				CODE_SIGN_STYLE = Automatic;
				DEVELOPMENT_TEAM = NPS4BX56H3;
				INFOPLIST_FILE = SearchControllerTest/Info.plist;
				LD_RUNPATH_SEARCH_PATHS = (
					"$(inherited)",
					"@executable_path/Frameworks",
				);
				PRODUCT_BUNDLE_IDENTIFIER = com.bluegrassguru.SearchControllerTest;
				PRODUCT_NAME = "$(TARGET_NAME)";
				SWIFT_VERSION = 5.0;
				TARGETED_DEVICE_FAMILY = "1,2";
			};
			name = Debug;
		};
		B975C3682339AADB00D8D041 /* Release */ = {
			isa = XCBuildConfiguration;
			buildSettings = {
				ASSETCATALOG_COMPILER_APPICON_NAME = AppIcon;
				CODE_SIGN_STYLE = Automatic;
				DEVELOPMENT_TEAM = NPS4BX56H3;
				INFOPLIST_FILE = SearchControllerTest/Info.plist;
				LD_RUNPATH_SEARCH_PATHS = (
					"$(inherited)",
					"@executable_path/Frameworks",
				);
				PRODUCT_BUNDLE_IDENTIFIER = com.bluegrassguru.SearchControllerTest;
				PRODUCT_NAME = "$(TARGET_NAME)";
				SWIFT_VERSION = 5.0;
				TARGETED_DEVICE_FAMILY = "1,2";
			};
			name = Release;
		};
/* End XCBuildConfiguration section */

/* Begin XCConfigurationList section */
		B975C34D2339AADA00D8D041 /* Build configuration list for PBXProject "SearchControllerTest" */ = {
			isa = XCConfigurationList;
			buildConfigurations = (
				B975C3642339AADB00D8D041 /* Debug */,
				B975C3652339AADB00D8D041 /* Release */,
			);
			defaultConfigurationIsVisible = 0;
			defaultConfigurationName = Release;
		};
		B975C3662339AADB00D8D041 /* Build configuration list for PBXNativeTarget "SearchControllerTest" */ = {
			isa = XCConfigurationList;
			buildConfigurations = (
				B975C3672339AADB00D8D041 /* Debug */,
				B975C3682339AADB00D8D041 /* Release */,
			);
			defaultConfigurationIsVisible = 0;
			defaultConfigurationName = Release;
		};
/* End XCConfigurationList section */
	};
	rootObject = B975C34A2339AADA00D8D041 /* Project object */;
}
